
Microsoft Visual Studio Solution File, Format Version 12.00
# Visual Studio Version 17
VisualStudioVersion = 17.8.34511.84
MinimumVisualStudioVersion = 10.0.40219.1
Project("{FAE04EC0-301F-11D3-BF4B-00C04F79EFBC}") = "reprobadooaprobado", "reprobadooaprobado\reprobadooaprobado.csproj", "{36E231FC-6E12-48C2-B527-0EFEF2465113}"
EndProject
Global
	GlobalSection(SolutionConfigurationPlatforms) = preSolution
		Debug|Any CPU = Debug|Any CPU
		Release|Any CPU = Release|Any CPU
	EndGlobalSection
	GlobalSection(ProjectConfigurationPlatforms) = postSolution
		{36E231FC-6E12-48C2-B527-0EFEF2465113}.Debug|Any CPU.ActiveCfg = Debug|Any CPU
		{36E231FC-6E12-48C2-B527-0EFEF2465113}.Debug|Any CPU.Build.0 = Debug|Any CPU
		{36E231FC-6E12-48C2-B527-0EFEF2465113}.Release|Any CPU.ActiveCfg = Release|Any CPU
		{36E231FC-6E12-48C2-B527-0EFEF2465113}.Release|Any CPU.Build.0 = Release|Any CPU
	EndGlobalSection
	GlobalSection(SolutionProperties) = preSolution
		HideSolutionNode = FALSE
	EndGlobalSection
	GlobalSection(ExtensibilityGlobals) = postSolution
		SolutionGuid = {CD8D5159-622C-4EBB-823F-8E6BF5F78DAB}
	EndGlobalSection
EndGlobal
